
Microsoft Visual Studio Solution File, Format Version 12.00
# Visual Studio Version 16
VisualStudioVersion = 16.0.31424.327
MinimumVisualStudioVersion = 10.0.40219.1
Project("{FAE04EC0-301F-11D3-BF4B-00C04F79EFBC}") = "Tutorial8", "Tutorial8\Tutorial8.csproj", "{C59B589E-E6B1-4E0D-919D-6FE75C2C54ED}"
EndProject
Global
	GlobalSection(SolutionConfigurationPlatforms) = preSolution
		Debug|Any CPU = Debug|Any CPU
		Release|Any CPU = Release|Any CPU
	EndGlobalSection
	GlobalSection(ProjectConfigurationPlatforms) = postSolution
		{C59B589E-E6B1-4E0D-919D-6FE75C2C54ED}.Debug|Any CPU.ActiveCfg = Debug|Any CPU
		{C59B589E-E6B1-4E0D-919D-6FE75C2C54ED}.Debug|Any CPU.Build.0 = Debug|Any CPU
		{C59B589E-E6B1-4E0D-919D-6FE75C2C54ED}.Release|Any CPU.ActiveCfg = Release|Any CPU
		{C59B589E-E6B1-4E0D-919D-6FE75C2C54ED}.Release|Any CPU.Build.0 = Release|Any CPU
	EndGlobalSection
	GlobalSection(SolutionProperties) = preSolution
		HideSolutionNode = FALSE
	EndGlobalSection
	GlobalSection(ExtensibilityGlobals) = postSolution
		SolutionGuid = {F0A28D3D-DEC9-4C46-8C8F-920158ACF332}
	EndGlobalSection
EndGlobal
